<?xml version="1.0" encoding="utf-8"?>
<Project ToolsVersion="4.0" xmlns="http://schemas.microsoft.com/developer/msbuild/2003">
  <ItemGroup>
    <Filter Include="Source Files">
      <UniqueIdentifier>{96a0e2ec-fdb9-4e17-badf-7883ee106ff2}</UniqueIdentifier>
      <Extensions>cpp;c;cxx;rc;def;r;odl;idl;hpj;bat</Extensions>
    </Filter>
    <Filter Include="Header Files">
      <UniqueIdentifier>{a0c03f3d-7416-468d-b600-fe2d2ef3d277}</UniqueIdentifier>
      <Extensions>h;hpp;hxx;hm;inl</Extensions>
    </Filter>
    <Filter Include="Resource Files">
      <UniqueIdentifier>{c6e27b5e-492a-4693-b587-a45d23a52f78}</UniqueIdentifier>
      <Extensions>ico;cur;bmp;dlg;rc2;rct;bin;rgs;gif;jpg;jpeg;jpe</Extensions>
    </Filter>
  </ItemGroup>
  <ItemGroup>
    <ClCompile Include="convolve.c">
      <Filter>Source Files</Filter>
    </ClCompile>
    <ClCompile Include="error.c">
      <Filter>Source Files</Filter>
    </ClCompile>
    <ClCompile Include="example3.c">
      <Filter>Source Files</Filter>
    </ClCompile>
    <ClCompile Include="example4.c">
      <Filter>Source Files</Filter>
    </ClCompile>
    <ClCompile Include="example5.c">
      <Filter>Source Files</Filter>
    </ClCompile>
    <ClCompile Include="klt.c">
      <Filter>Source Files</Filter>
    </ClCompile>
    <ClCompile Include="klt_util.c">
      <Filter>Source Files</Filter>
    </ClCompile>
    <ClCompile Include="main.cpp">
      <Filter>Source Files</Filter>
    </ClCompile>
    <ClCompile Include="pnmio.c">
      <Filter>Source Files</Filter>
    </ClCompile>
    <ClCompile Include="pyramid.c">
      <Filter>Source Files</Filter>
    </ClCompile>
    <ClCompile Include="selectGoodFeatures.c">
      <Filter>Source Files</Filter>
    </ClCompile>
    <ClCompile Include="StdAfx.cpp">
      <Filter>Source Files</Filter>
    </ClCompile>
    <ClCompile Include="storeFeatures.c">
      <Filter>Source Files</Filter>
    </ClCompile>
    <ClCompile Include="trackFeatures.c">
      <Filter>Source Files</Filter>
    </ClCompile>
    <ClCompile Include="writeFeatures.c">
      <Filter>Source Files</Filter>
    </ClCompile>
    <ClCompile Include="example1.cpp">
      <Filter>Source Files</Filter>
    </ClCompile>
    <ClCompile Include="draw_img.cpp">
      <Filter>Source Files</Filter>
    </ClCompile>
    <ClCompile Include="example2.cpp">
      <Filter>Source Files</Filter>
    </ClCompile>
  </ItemGroup>
  <ItemGroup>
    <ClInclude Include="base.h">
      <Filter>Header Files</Filter>
    </ClInclude>
    <ClInclude Include="convolve.h">
      <Filter>Header Files</Filter>
    </ClInclude>
    <ClInclude Include="error.h">
      <Filter>Header Files</Filter>
    </ClInclude>
    <ClInclude Include="klt.h">
      <Filter>Header Files</Filter>
    </ClInclude>
    <ClInclude Include="klt_util.h">
      <Filter>Header Files</Filter>
    </ClInclude>
    <ClInclude Include="KltExamples.h">
      <Filter>Header Files</Filter>
    </ClInclude>
    <ClInclude Include="pnmio.h">
      <Filter>Header Files</Filter>
    </ClInclude>
    <ClInclude Include="pyramid.h">
      <Filter>Header Files</Filter>
    </ClInclude>
    <ClInclude Include="StdAfx.h">
      <Filter>Header Files</Filter>
    </ClInclude>
    <ClInclude Include="cvhead.h">
      <Filter>Header Files</Filter>
    </ClInclude>
    <ClInclude Include="draw_img.h">
      <Filter>Header Files</Filter>
    </ClInclude>
  </ItemGroup>
  <ItemGroup>
    <Text Include="ReadMe.txt" />
  </ItemGroup>
</Project>